
Microsoft Visual Studio Solution File, Format Version 12.00
# Visual Studio 2012
Project("{E24C65DC-7377-472B-9ABA-BC803B73C61A}") = "Factorship-Starter", ".", "{75427777-FCC9-4351-8370-0E588E87C6AB}"
	ProjectSection(WebsiteProperties) = preProject
		TargetFrameworkMoniker = ".NETFramework,Version%3Dv4.0"
		Debug.AspNetCompiler.VirtualPath = "/Factorship-Starter"
		Debug.AspNetCompiler.PhysicalPath = "..\Factorship-Starter\"
		Debug.AspNetCompiler.TargetPath = "PrecompiledWeb\Factorship-Starter\"
		Debug.AspNetCompiler.Updateable = "true"
		Debug.AspNetCompiler.ForceOverwrite = "true"
		Debug.AspNetCompiler.FixedNames = "false"
		Debug.AspNetCompiler.Debug = "True"
		Release.AspNetCompiler.VirtualPath = "/Factorship-Starter"
		Release.AspNetCompiler.PhysicalPath = "..\Factorship-Starter\"
		Release.AspNetCompiler.TargetPath = "PrecompiledWeb\Factorship-Starter\"
		Release.AspNetCompiler.Updateable = "true"
		Release.AspNetCompiler.ForceOverwrite = "true"
		Release.AspNetCompiler.FixedNames = "false"
		Release.AspNetCompiler.Debug = "False"
		VWDPort = "8173"
		VWDVirtualPath = "/"
	EndProjectSection
EndProject
Global
	GlobalSection(SolutionConfigurationPlatforms) = preSolution
		Debug|Any CPU = Debug|Any CPU
	EndGlobalSection
	GlobalSection(ProjectConfigurationPlatforms) = postSolution
		{75427777-FCC9-4351-8370-0E588E87C6AB}.Debug|Any CPU.ActiveCfg = Debug|Any CPU
		{75427777-FCC9-4351-8370-0E588E87C6AB}.Debug|Any CPU.Build.0 = Debug|Any CPU
	EndGlobalSection
	GlobalSection(SolutionProperties) = preSolution
		HideSolutionNode = FALSE
	EndGlobalSection
EndGlobal
